[ "cowboy": {:git, "git://github.com/extend/cowboy.git", "aab63d605c595d8d0cd33646d13942d6cb372b60", []},
  "cowlib": {:git, "git://github.com/extend/cowlib.git", "2f35af5b0a67f591dde5ae4305a9587988a37c0c", [{:ref, "0.1.0"}]},
  "dynamo": {:git, "git://github.com/elixir-lang/dynamo.git", "de43665db0e2c1fdc58e72e250c5f10ed19a55aa", []},
  "hackney": {:git, "git://github.com/benoitc/hackney.git", "25a7fa2115680a09c0e932f71f22082b29d1b714", []},
  "mimetypes": {:git, "git://github.com/spawngrid/mimetypes.git", "47d37a977a7d633199822bf6b08353007483d00f", []},
  "ranch": {:git, "git://github.com/extend/ranch.git", "41705752ffc7e3ecb96eef8374015ead4ca7f699", [{:ref, "0.8.5"}]},
  "websocket_client": {:git, "git://github.com/jeremyong/websocket_client.git", "6e3d05b79a73b20a296e60e43902a6c3ba8d59f1", []} ]
